{
  "nodes": {
    "aerospace-sticky-meta": {
      "flake": false,
      "locked": {
        "lastModified": 1776143205,
        "narHash": "sha256-cSFORYp7cMzTrqvisDyZOlXCdCuTFgSwBIWYExC3pWo=",
        "owner": "LoneExile",
        "repo": "AeroSpace",
        "rev": "66a0fcbff39b94c1a8207f1df6950a5d472b8950",
        "type": "github"
      },
      "original": {
        "owner": "LoneExile",
        "ref": "nix-release-meta",
        "repo": "AeroSpace",
        "type": "github"
      }
    },
    "brew-src": {
      "flake": false,
      "locked": {
        "lastModified": 1776478798,
        "narHash": "sha256-ERStG27tf83VbCfYMxtDSs+sa8FUMJ/3jSu/QfX9rKE=",
        "owner": "Homebrew",
        "repo": "brew",
        "rev": "3aae056b8d072624255bc8fd27febb7f327b2265",
        "type": "github"
      },
      "original": {
        "owner": "Homebrew",
        "ref": "5.1.7",
        "repo": "brew",
        "type": "github"
      }
    },
    "flake-parts": {
      "inputs": {
        "nixpkgs-lib": [
          "neovim-nightly-overlay",
          "nixpkgs"
        ]
      },
      "locked": {
        "lastModified": 1777678872,
        "narHash": "sha256-EPIFsulyon7Z1vLQq5Fk64GR8L7cQsT+IPhcsukVbgk=",
        "owner": "hercules-ci",
        "repo": "flake-parts",
        "rev": "5250617bffd85403b14dbf43c3870e7f255d2c16",
        "type": "github"
      },
      "original": {
        "owner": "hercules-ci",
        "repo": "flake-parts",
        "type": "github"
      }
    },
    "home-manager": {
      "inputs": {
        "nixpkgs": [
          "nixpkgs-darwin"
        ]
      },
      "locked": {
        "lastModified": 1777852249,
        "narHash": "sha256-XdbGWnFlX4McOEG5NioVsp35Ic6XL/rXnp8as71cu6o=",
        "owner": "nix-community",
        "repo": "home-manager",
        "rev": "c909892de502b4de9e92838a503c09a9c8ebe4aa",
        "type": "github"
      },
      "original": {
        "owner": "nix-community",
        "repo": "home-manager",
        "type": "github"
      }
    },
    "homebrew-alexsjones-llmfit": {
      "flake": false,
      "locked": {
        "lastModified": 1777888315,
        "narHash": "sha256-niaUVJhC8nX0dKA4EVc4ERveQq/QURxjC8BzIjBfWrc=",
        "owner": "AlexsJones",
        "repo": "homebrew-llmfit",
        "rev": "a5d673f1c759b6f6b6f5729789d59ab4316c4506",
        "type": "github"
      },
      "original": {
        "owner": "AlexsJones",
        "repo": "homebrew-llmfit",
        "type": "github"
      }
    },
    "homebrew-bundle": {
      "flake": false,
      "locked": {
        "lastModified": 1745335228,
        "narHash": "sha256-TIKR2UgtyUmHLNZp255/vLs+1I10hXe+sciMEbAGFwE=",
        "owner": "homebrew",
        "repo": "homebrew-bundle",
        "rev": "a3265c84b232e13048ecbf6fc18a2eedfadbeb08",
        "type": "github"
      },
      "original": {
        "owner": "homebrew",
        "repo": "homebrew-bundle",
        "type": "github"
      }
    },
    "homebrew-cask": {
      "flake": false,
      "locked": {
        "lastModified": 1776137815,
        "narHash": "sha256-op+63XMGSsP2Cx55QRz/78IX6/3vEjpRP0T3IVu1irY=",
        "owner": "homebrew",
        "repo": "homebrew-cask",
        "rev": "dbbf7699db6ad627178e80a925f740d3e684f453",
        "type": "github"
      },
      "original": {
        "owner": "homebrew",
        "repo": "homebrew-cask",
        "rev": "dbbf7699db6ad627178e80a925f740d3e684f453",
        "type": "github"
      }
    },
    "homebrew-core": {
      "flake": false,
      "locked": {
        "lastModified": 1777887785,
        "narHash": "sha256-agyykKihVeZ8NT5+L7s0Q7D57WMcGYpy6i7hi497LRU=",
        "owner": "homebrew",
        "repo": "homebrew-core",
        "rev": "c82a41995ad0015bec65af20672b131a38b2543f",
        "type": "github"
      },
      "original": {
        "owner": "homebrew",
        "repo": "homebrew-core",
        "type": "github"
      }
    },
    "homebrew-jolehuit-tap": {
      "flake": false,
      "locked": {
        "lastModified": 1774392334,
        "narHash": "sha256-qKGFf+jvS9GMPUIEHOLFkyt1r7kIMb7t8YRa6wphWfQ=",
        "owner": "jolehuit",
        "repo": "homebrew-tap",
        "rev": "02797d4ae6464304f3d6ee7107b5669689813081",
        "type": "github"
      },
      "original": {
        "owner": "jolehuit",
        "repo": "homebrew-tap",
        "type": "github"
      }
    },
    "homebrew-steveyegge-beads": {
      "flake": false,
      "locked": {
        "lastModified": 1777073503,
        "narHash": "sha256-qZDH6/mliX7YVEvyT/JRYxma+E3GgEoaTVNuqUAz7f0=",
        "owner": "steveyegge",
        "repo": "homebrew-beads",
        "rev": "df391283edf1c4265fe12913b0662b3fdba9aa7f",
        "type": "github"
      },
      "original": {
        "owner": "steveyegge",
        "repo": "homebrew-beads",
        "type": "github"
      }
    },
    "homebrew-telepresenceio-telepresence": {
      "flake": false,
      "locked": {
        "lastModified": 1775686064,
        "narHash": "sha256-mn27TaS5KbVFTbiOZoLY43+tPFdsBetX5shC6cB7oyg=",
        "owner": "telepresenceio",
        "repo": "homebrew-telepresence",
        "rev": "d45be22b8fb8264ba1d6a3b1cc8b868f652f712b",
        "type": "github"
      },
      "original": {
        "owner": "telepresenceio",
        "repo": "homebrew-telepresence",
        "type": "github"
      }
    },
    "homebrew-xykong-tap": {
      "flake": false,
      "locked": {
        "lastModified": 1777400287,
        "narHash": "sha256-aJhdhYiespEZMygcid/rsLoYenmA29gjih/UCEHRgrI=",
        "owner": "xykong",
        "repo": "homebrew-tap",
        "rev": "c4f3be859553fd9e0621041392baef2d2d716b36",
        "type": "github"
      },
      "original": {
        "owner": "xykong",
        "repo": "homebrew-tap",
        "type": "github"
      }
    },
    "neovim-nightly-overlay": {
      "inputs": {
        "flake-parts": "flake-parts",
        "neovim-src": "neovim-src",
        "nixpkgs": "nixpkgs"
      },
      "locked": {
        "lastModified": 1777853108,
        "narHash": "sha256-GyUvw2G212P0nDfUh6/4fPfZK1UBJak1MYr6If8b7H4=",
        "owner": "nix-community",
        "repo": "neovim-nightly-overlay",
        "rev": "06974a7b4913f950c67eaa398ac0c5781e29fe9c",
        "type": "github"
      },
      "original": {
        "owner": "nix-community",
        "repo": "neovim-nightly-overlay",
        "type": "github"
      }
    },
    "neovim-src": {
      "flake": false,
      "locked": {
        "lastModified": 1777850416,
        "narHash": "sha256-a/mK2LVrU8zFBt2iZRngGv2Qu+7ju/SL4je8BewBpBg=",
        "owner": "neovim",
        "repo": "neovim",
        "rev": "0e69a380263f5a78d11cd05c65cc224a3c74b53e",
        "type": "github"
      },
      "original": {
        "owner": "neovim",
        "repo": "neovim",
        "type": "github"
      }
    },
    "nix-darwin": {
      "inputs": {
        "nixpkgs": [
          "nixpkgs-darwin"
        ]
      },
      "locked": {
        "lastModified": 1777780666,
        "narHash": "sha256-8wURyQMdDkGUarSTKOGdCuFfYiwa3HbzwscUfn3STDE=",
        "owner": "lnl7",
        "repo": "nix-darwin",
        "rev": "8c62fba0854ba15c8917aed18894dbccb48a3777",
        "type": "github"
      },
      "original": {
        "owner": "lnl7",
        "repo": "nix-darwin",
        "type": "github"
      }
    },
    "nix-homebrew": {
      "inputs": {
        "brew-src": "brew-src"
      },
      "locked": {
        "lastModified": 1777250621,
        "narHash": "sha256-WynkkG0hdZ5niYPJUbVg7oMfu8MVwGGzKZ6lKmfa+O8=",
        "owner": "zhaofengli-wip",
        "repo": "nix-homebrew",
        "rev": "aeb2069920742d0d6570089e8b3b8620050bacf2",
        "type": "github"
      },
      "original": {
        "owner": "zhaofengli-wip",
        "repo": "nix-homebrew",
        "type": "github"
      }
    },
    "nixCats": {
      "locked": {
        "lastModified": 1777273601,
        "narHash": "sha256-xBUa8Tl9V7IXI+VmLEuDc81La/EhoSn1C3EVSnJ3cfU=",
        "owner": "BirdeeHub",
        "repo": "nixCats-nvim",
        "rev": "f69ea013e328841a7def7037ed59788a76be8816",
        "type": "github"
      },
      "original": {
        "owner": "BirdeeHub",
        "repo": "nixCats-nvim",
        "type": "github"
      }
    },
    "nixpkgs": {
      "locked": {
        "lastModified": 1777641297,
        "narHash": "sha256-WNGcmeOZ8Tr9dq6ztCspYbzWFswr2mPebM9LpsfGxPk=",
        "owner": "NixOS",
        "repo": "nixpkgs",
        "rev": "c6d65881c5624c9cae5ea6cedef24699b0c0a4c0",
        "type": "github"
      },
      "original": {
        "owner": "NixOS",
        "ref": "nixpkgs-unstable",
        "repo": "nixpkgs",
        "type": "github"
      }
    },
    "nixpkgs-darwin": {
      "locked": {
        "lastModified": 1777826146,
        "narHash": "sha256-wQ/iN5Zp5VIa3ebBibijPnLyKhor+xEbDy4d0goa9Zs=",
        "owner": "NixOS",
        "repo": "nixpkgs",
        "rev": "73c703c22422b8951895a960959dbbaca7296492",
        "type": "github"
      },
      "original": {
        "owner": "NixOS",
        "ref": "nixpkgs-unstable",
        "repo": "nixpkgs",
        "type": "github"
      }
    },
    "nixpkgs-unstable": {
      "locked": {
        "lastModified": 1777826146,
        "narHash": "sha256-wQ/iN5Zp5VIa3ebBibijPnLyKhor+xEbDy4d0goa9Zs=",
        "owner": "NixOS",
        "repo": "nixpkgs",
        "rev": "73c703c22422b8951895a960959dbbaca7296492",
        "type": "github"
      },
      "original": {
        "owner": "NixOS",
        "ref": "nixpkgs-unstable",
        "repo": "nixpkgs",
        "type": "github"
      }
    },
    "nixpkgs_2": {
      "locked": {
        "lastModified": 1777805331,
        "narHash": "sha256-jINoZUP2tJEBLuVoMEhJn9qWQgpriGorwlgnBc1QAPg=",
        "owner": "NixOS",
        "repo": "nixpkgs",
        "rev": "8cbe20ad0f64f9f9619b871dfdf57022beccef65",
        "type": "github"
      },
      "original": {
        "owner": "NixOS",
        "ref": "nixpkgs-25.11-darwin",
        "repo": "nixpkgs",
        "type": "github"
      }
    },
    "root": {
      "inputs": {
        "aerospace-sticky-meta": "aerospace-sticky-meta",
        "home-manager": "home-manager",
        "homebrew-alexsjones-llmfit": "homebrew-alexsjones-llmfit",
        "homebrew-bundle": "homebrew-bundle",
        "homebrew-cask": "homebrew-cask",
        "homebrew-core": "homebrew-core",
        "homebrew-jolehuit-tap": "homebrew-jolehuit-tap",
        "homebrew-steveyegge-beads": "homebrew-steveyegge-beads",
        "homebrew-telepresenceio-telepresence": "homebrew-telepresenceio-telepresence",
        "homebrew-xykong-tap": "homebrew-xykong-tap",
        "neovim-nightly-overlay": "neovim-nightly-overlay",
        "nix-darwin": "nix-darwin",
        "nix-homebrew": "nix-homebrew",
        "nixCats": "nixCats",
        "nixpkgs": "nixpkgs_2",
        "nixpkgs-darwin": "nixpkgs-darwin",
        "nixpkgs-unstable": "nixpkgs-unstable",
        "sops-nix": "sops-nix",
        "tokyonight-nvim": "tokyonight-nvim"
      }
    },
    "sops-nix": {
      "inputs": {
        "nixpkgs": [
          "nixpkgs"
        ]
      },
      "locked": {
        "lastModified": 1777338324,
        "narHash": "sha256-bc+ZZCmOTNq86/svGnw0tVpH7vJaLYvGLLKFYP08Q8E=",
        "owner": "Mic92",
        "repo": "sops-nix",
        "rev": "8eaee5c45428b28b8c47a83e4c09dccec5f279b5",
        "type": "github"
      },
      "original": {
        "owner": "Mic92",
        "repo": "sops-nix",
        "type": "github"
      }
    },
    "tokyonight-nvim": {
      "flake": false,
      "locked": {
        "lastModified": 1774363414,
        "narHash": "sha256-a9iRWue7DB7s/wNdxqqB51Jya5P9X6sDftqhdmKggU0=",
        "owner": "folke",
        "repo": "tokyonight.nvim",
        "rev": "cdc07ac78467a233fd62c493de29a17e0cf2b2b6",
        "type": "github"
      },
      "original": {
        "owner": "folke",
        "repo": "tokyonight.nvim",
        "type": "github"
      }
    }
  },
  "root": "root",
  "version": 7
}
